
Microsoft Visual Studio Solution File, Format Version 12.00
# Visual Studio Version 17
VisualStudioVersion = 17.8.34316.72
MinimumVisualStudioVersion = 10.0.40219.1
Project("{FAE04EC0-301F-11D3-BF4B-00C04F79EFBC}") = "BookStoreApp", "BookStoreApp\BookStoreApp.csproj", "{907D4E07-693B-4EA8-8E60-7A36F8FA9068}"
EndProject
Global
	GlobalSection(SolutionConfigurationPlatforms) = preSolution
		Debug|Any CPU = Debug|Any CPU
		Release|Any CPU = Release|Any CPU
	EndGlobalSection
	GlobalSection(ProjectConfigurationPlatforms) = postSolution
		{907D4E07-693B-4EA8-8E60-7A36F8FA9068}.Debug|Any CPU.ActiveCfg = Debug|Any CPU
		{907D4E07-693B-4EA8-8E60-7A36F8FA9068}.Debug|Any CPU.Build.0 = Debug|Any CPU
		{907D4E07-693B-4EA8-8E60-7A36F8FA9068}.Release|Any CPU.ActiveCfg = Release|Any CPU
		{907D4E07-693B-4EA8-8E60-7A36F8FA9068}.Release|Any CPU.Build.0 = Release|Any CPU
	EndGlobalSection
	GlobalSection(SolutionProperties) = preSolution
		HideSolutionNode = FALSE
	EndGlobalSection
	GlobalSection(ExtensibilityGlobals) = postSolution
		SolutionGuid = {0A13D4E9-8C0C-4522-A85F-BA4EDCA8B2E6}
	EndGlobalSection
EndGlobal
